{
  "name": "my-stremio-addon",
  "version": "12.3.1",
  "lockfileVersion": 3,
  "requires": true,
  "packages": {
    "": {
      "name": "my-stremio-addon",
      "version": "12.3.1",
      "license": "MIT",
      "dependencies": {
        "@supabase/supabase-js": "^2.49.0",
        "express": "^4.19.2"
      }
    }
  },
  "dependencies": {
    "@supabase/supabase-js": {
      "version": "2.49.0"
    },
    "express": {
      "version": "4.19.2"
    }
  }
}
